{
  "name": "ucon",
  "version": "1.0.0",
  "lockfileVersion": 2,
  "requires": true,
  "packages": {
    "": {
      "name": "ucon",
      "version": "1.0.0",
      "license": "MIT",
      "dependencies": {
        "@types/lodash": "^4.14.177",
        "chalk": "^4.1.2",
        "lodash": "^4.17.21",
        "strip-ansi": "^7.0.1",
        "ts-node": "^10.4.0"
      },
      "devDependencies": {
        "@types/node": "^16.11.9",
        "node-dev": "^7.1.0",
        "typescript": "^4.5.2"
      }
    },
    "node_modules/@cspotcode/source-map-consumer": {
      "version": "0.8.0",
      "resolved": "https://registry.nlark.com/@cspotcode/source-map-consumer/download/@cspotcode/source-map-consumer-0.8.0.tgz",
      "integrity": "sha1-M79LeznBeIIWBvZpu8RHpqYpeGs=",
      "engines": {
        "node": ">= 12"
      }
    },
    "node_modules/@cspotcode/source-map-support": {
      "version": "0.7.0",
      "resolved": "https://registry.npmmirror.com/@cspotcode/source-map-support/download/@cspotcode/source-map-support-0.7.0.tgz?cache=0&sync_timestamp=1633908984001&other_urls=https%3A%2F%2Fregistry.npmmirror.com%2F%40cspotcode%2Fsource-map-support%2Fdownload%2F%40cspotcode%2Fsource-map-support-0.7.0.tgz",
      "integrity": "sha1-R4mECqhZ5G0vMXNyercHxmvzRPU=",
      "dependencies": {
        "@cspotcode/source-map-consumer": "0.8.0"
      },
      "engines": {
        "node": ">=12"
      }
    },
    "node_modules/@tsconfig/node10": {
      "version": "1.0.8",
      "resolved": "https://registry.nlark.com/@tsconfig/node10/download/@tsconfig/node10-1.0.8.tgz?cache=0&sync_timestamp=1623230113943&other_urls=https%3A%2F%2Fregistry.nlark.com%2F%40tsconfig%2Fnode10%2Fdownload%2F%40tsconfig%2Fnode10-1.0.8.tgz",
      "integrity": "sha1-weToDW+WT77LM1nEO9SLQPfK2tk="
    },
    "node_modules/@tsconfig/node12": {
      "version": "1.0.9",
      "resolved": "https://registry.nlark.com/@tsconfig/node12/download/@tsconfig/node12-1.0.9.tgz",
      "integrity": "sha1-YsH23uLr2a6tgNw6+laBDljhoEw="
    },
    "node_modules/@tsconfig/node14": {
      "version": "1.0.1",
      "resolved": "https://registry.nlark.com/@tsconfig/node14/download/@tsconfig/node14-1.0.1.tgz?cache=0&sync_timestamp=1623230113946&other_urls=https%3A%2F%2Fregistry.nlark.com%2F%40tsconfig%2Fnode14%2Fdownload%2F%40tsconfig%2Fnode14-1.0.1.tgz",
      "integrity": "sha1-lfLRZ/+5uNIGiwsjUwL6/U33EfI="
    },
    "node_modules/@tsconfig/node16": {
      "version": "1.0.2",
      "resolved": "https://registry.nlark.com/@tsconfig/node16/download/@tsconfig/node16-1.0.2.tgz?cache=0&sync_timestamp=1626840702633&other_urls=https%3A%2F%2Fregistry.nlark.com%2F%40tsconfig%2Fnode16%2Fdownload%2F%40tsconfig%2Fnode16-1.0.2.tgz",
      "integrity": "sha1-Qjx3h30Fadsg4fyAiFrEEYMUAQ4="
    },
    "node_modules/@types/lodash": {
      "version": "4.14.177",
      "resolved": "https://registry.npmmirror.com/@types/lodash/download/@types/lodash-4.14.177.tgz",
      "integrity": "sha512-0fDwydE2clKe9MNfvXHBHF9WEahRuj+msTuQqOmAApNORFvhMYZKNGGJdCzuhheVjMps/ti0Ak/iJPACMaevvw=="
    },
    "node_modules/@types/node": {
      "version": "16.11.9",
      "resolved": "https://registry.npmmirror.com/@types/node/download/@types/node-16.11.9.tgz?cache=0&sync_timestamp=1637310802673&other_urls=https%3A%2F%2Fregistry.npmmirror.com%2F%40types%2Fnode%2Fdownload%2F%40types%2Fnode-16.11.9.tgz",
      "integrity": "sha512-MKmdASMf3LtPzwLyRrFjtFFZ48cMf8jmX5VRYrDQiJa8Ybu5VAmkqBWqKU8fdCwD8ysw4mQ9nrEHvzg6gunR7A=="
    },
    "node_modules/acorn": {
      "version": "8.6.0",
      "resolved": "https://registry.npmmirror.com/acorn/download/acorn-8.6.0.tgz?cache=0&sync_timestamp=1637225522161&other_urls=https%3A%2F%2Fregistry.npmmirror.com%2Facorn%2Fdownload%2Facorn-8.6.0.tgz",
      "integrity": "sha512-U1riIR+lBSNi3IbxtaHOIKdH8sLFv3NYfNv8sg7ZsNhcfl4HF2++BfqqrNAxoCLQW1iiylOj76ecnaUxz+z9yw==",
      "bin": {
        "acorn": "bin/acorn"
      },
      "engines": {
        "node": ">=0.4.0"
      }
    },
    "node_modules/acorn-walk": {
      "version": "8.2.0",
      "resolved": "https://registry.nlark.com/acorn-walk/download/acorn-walk-8.2.0.tgz?cache=0&sync_timestamp=1630916608758&other_urls=https%3A%2F%2Fregistry.nlark.com%2Facorn-walk%2Fdownload%2Facorn-walk-8.2.0.tgz",
      "integrity": "sha1-dBIQ8uJCZFRQiFOi9E0KuDt/acE=",
      "engines": {
        "node": ">=0.4.0"
      }
    },
    "node_modules/ansi-regex": {
      "version": "6.0.1",
      "resolved": "https://registry.npmjs.org/ansi-regex/-/ansi-regex-6.0.1.tgz",
      "integrity": "sha512-n5M855fKb2SsfMIiFFoVrABHJC8QtHwVx+mHWP3QcEqBHYienj5dHSgjbxtC0WEZXYt4wcD6zrQElDPhFuZgfA==",
      "engines": {
        "node": ">=12"
      },
      "funding": {
        "url": "https://github.com/chalk/ansi-regex?sponsor=1"
      }
    },
    "node_modules/ansi-styles": {
      "version": "4.3.0",
      "resolved": "https://registry.nlark.com/ansi-styles/download/ansi-styles-4.3.0.tgz?cache=0&sync_timestamp=1618995588464&other_urls=https%3A%2F%2Fregistry.nlark.com%2Fansi-styles%2Fdownload%2Fansi-styles-4.3.0.tgz",
      "integrity": "sha1-7dgDYornHATIWuegkG7a00tkiTc=",
      "dependencies": {
        "color-convert": "^2.0.1"
      },
      "engines": {
        "node": ">=8"
      },
      "funding": {
        "url": "https://github.com/chalk/ansi-styles?sponsor=1"
      }
    },
    "node_modules/arg": {
      "version": "4.1.3",
      "resolved": "https://registry.nlark.com/arg/download/arg-4.1.3.tgz?cache=0&sync_timestamp=1629166537485&other_urls=https%3A%2F%2Fregistry.nlark.com%2Farg%2Fdownload%2Farg-4.1.3.tgz",
      "integrity": "sha1-Jp/HrVuOQstjyJbVZmAXJhwUQIk="
    },
    "node_modules/chalk": {
      "version": "4.1.2",
      "resolved": "https://registry.nlark.com/chalk/download/chalk-4.1.2.tgz?cache=0&sync_timestamp=1627646655305&other_urls=https%3A%2F%2Fregistry.nlark.com%2Fchalk%2Fdownload%2Fchalk-4.1.2.tgz",
      "integrity": "sha1-qsTit3NKdAhnrrFr8CqtVWoeegE=",
      "dependencies": {
        "ansi-styles": "^4.1.0",
        "supports-color": "^7.1.0"
      },
      "engines": {
        "node": ">=10"
      },
      "funding": {
        "url": "https://github.com/chalk/chalk?sponsor=1"
      }
    },
    "node_modules/color-convert": {
      "version": "2.0.1",
      "resolved": "https://registry.nlark.com/color-convert/download/color-convert-2.0.1.tgz",
      "integrity": "sha1-ctOmjVmMm9s68q0ehPIdiWq9TeM=",
      "dependencies": {
        "color-name": "~1.1.4"
      },
      "engines": {
        "node": ">=7.0.0"
      }
    },
    "node_modules/color-name": {
      "version": "1.1.4",
      "resolved": "https://registry.npm.taobao.org/color-name/download/color-name-1.1.4.tgz",
      "integrity": "sha1-wqCah6y95pVD3m9j+jmVyCbFNqI="
    },
    "node_modules/create-require": {
      "version": "1.1.1",
      "resolved": "https://registry.npm.taobao.org/create-require/download/create-require-1.1.1.tgz",
      "integrity": "sha1-wdfo8eX2z8n/ZfnNNS03NIdWwzM="
    },
    "node_modules/dateformat": {
      "version": "3.0.3",
      "resolved": "https://registry.npmjs.org/dateformat/-/dateformat-3.0.3.tgz",
      "integrity": "sha512-jyCETtSl3VMZMWeRo7iY1FL19ges1t55hMo5yaam4Jrsm5EPL89UQkoQRyiI+Yf4k8r2ZpdngkV8hr1lIdjb3Q==",
      "dev": true,
      "engines": {
        "node": "*"
      }
    },
    "node_modules/debounce": {
      "version": "1.2.1",
      "resolved": "https://registry.npmjs.org/debounce/-/debounce-1.2.1.tgz",
      "integrity": "sha512-XRRe6Glud4rd/ZGQfiV1ruXSfbvfJedlV9Y6zOlP+2K04vBYiJEte6stfFkCP03aMnY5tsipamumUjL14fofug==",
      "dev": true
    },
    "node_modules/diff": {
      "version": "4.0.2",
      "resolved": "https://registry.npm.taobao.org/diff/download/diff-4.0.2.tgz?cache=0&other_urls=https%3A%2F%2Fregistry.npm.taobao.org%2Fdiff%2Fdownload%2Fdiff-4.0.2.tgz",
      "integrity": "sha1-YPOuy4nV+uUgwRqhnvwruYKq3n0=",
      "engines": {
        "node": ">=0.3.1"
      }
    },
    "node_modules/dynamic-dedupe": {
      "version": "0.3.0",
      "resolved": "https://registry.npmjs.org/dynamic-dedupe/-/dynamic-dedupe-0.3.0.tgz",
      "integrity": "sha1-BuRMIj9eTpTXjvnbI6ZRXOL5YqE=",
      "dev": true,
      "dependencies": {
        "xtend": "^4.0.0"
      }
    },
    "node_modules/filewatcher": {
      "version": "3.0.1",
      "resolved": "https://registry.npmjs.org/filewatcher/-/filewatcher-3.0.1.tgz",
      "integrity": "sha1-9KGVc1Xdr0Q8zXiolfPVXiPIoDQ=",
      "dev": true,
      "dependencies": {
        "debounce": "^1.0.0"
      }
    },
    "node_modules/function-bind": {
      "version": "1.1.1",
      "resolved": "https://registry.npmjs.org/function-bind/-/function-bind-1.1.1.tgz",
      "integrity": "sha512-yIovAzMX49sF8Yl58fSCWJ5svSLuaibPxXQJFLmBObTuCr0Mf1KiPopGM9NiFjiYBCbfaa2Fh6breQ6ANVTI0A==",
      "dev": true
    },
    "node_modules/growly": {
      "version": "1.3.0",
      "resolved": "https://registry.npmjs.org/growly/-/growly-1.3.0.tgz",
      "integrity": "sha1-8QdIy+dq+WS3yWyTxrzCivEgwIE=",
      "dev": true
    },
    "node_modules/has": {
      "version": "1.0.3",
      "resolved": "https://registry.npmjs.org/has/-/has-1.0.3.tgz",
      "integrity": "sha512-f2dvO0VU6Oej7RkWJGrehjbzMAjFp5/VKPp5tTpWIV4JHHZK1/BxbFRtf/siA2SWTe09caDmVtYYzWEIbBS4zw==",
      "dev": true,
      "dependencies": {
        "function-bind": "^1.1.1"
      },
      "engines": {
        "node": ">= 0.4.0"
      }
    },
    "node_modules/has-flag": {
      "version": "4.0.0",
      "resolved": "https://registry.nlark.com/has-flag/download/has-flag-4.0.0.tgz?cache=0&sync_timestamp=1626715907927&other_urls=https%3A%2F%2Fregistry.nlark.com%2Fhas-flag%2Fdownload%2Fhas-flag-4.0.0.tgz",
      "integrity": "sha1-lEdx/ZyByBJlxNaUGGDaBrtZR5s=",
      "engines": {
        "node": ">=8"
      }
    },
    "node_modules/is-core-module": {
      "version": "2.8.0",
      "resolved": "https://registry.npmjs.org/is-core-module/-/is-core-module-2.8.0.tgz",
      "integrity": "sha512-vd15qHsaqrRL7dtH6QNuy0ndJmRDrS9HAM1CAiSifNUFv4x1a0CCVsj18hJ1mShxIG6T2i1sO78MkP56r0nYRw==",
      "dev": true,
      "dependencies": {
        "has": "^1.0.3"
      },
      "funding": {
        "url": "https://github.com/sponsors/ljharb"
      }
    },
    "node_modules/is-docker": {
      "version": "2.2.1",
      "resolved": "https://registry.npmjs.org/is-docker/-/is-docker-2.2.1.tgz",
      "integrity": "sha512-F+i2BKsFrH66iaUFc0woD8sLy8getkwTwtOBjvs56Cx4CgJDeKQeqfz8wAYiSb8JOprWhHH5p77PbmYCvvUuXQ==",
      "dev": true,
      "bin": {
        "is-docker": "cli.js"
      },
      "engines": {
        "node": ">=8"
      },
      "funding": {
        "url": "https://github.com/sponsors/sindresorhus"
      }
    },
    "node_modules/is-wsl": {
      "version": "2.2.0",
      "resolved": "https://registry.npmjs.org/is-wsl/-/is-wsl-2.2.0.tgz",
      "integrity": "sha512-fKzAra0rGJUUBwGBgNkHZuToZcn+TtXHpeCgmkMJMMYx1sQDYaCSyjJBSCa2nH1DGm7s3n1oBnohoVTBaN7Lww==",
      "dev": true,
      "dependencies": {
        "is-docker": "^2.0.0"
      },
      "engines": {
        "node": ">=8"
      }
    },
    "node_modules/isexe": {
      "version": "2.0.0",
      "resolved": "https://registry.npmjs.org/isexe/-/isexe-2.0.0.tgz",
      "integrity": "sha1-6PvzdNxVb/iUehDcsFctYz8s+hA=",
      "dev": true
    },
    "node_modules/lodash": {
      "version": "4.17.21",
      "resolved": "https://registry.nlark.com/lodash/download/lodash-4.17.21.tgz?cache=0&sync_timestamp=1618847150612&other_urls=https%3A%2F%2Fregistry.nlark.com%2Flodash%2Fdownload%2Flodash-4.17.21.tgz",
      "integrity": "sha1-Z5WRxWTDv/quhFTPCz3zcMPWkRw="
    },
    "node_modules/lru-cache": {
      "version": "6.0.0",
      "resolved": "https://registry.npmjs.org/lru-cache/-/lru-cache-6.0.0.tgz",
      "integrity": "sha512-Jo6dJ04CmSjuznwJSS3pUeWmd/H0ffTlkXXgwZi+eq1UCmqQwCh+eLsYOYCwY991i2Fah4h1BEMCx4qThGbsiA==",
      "dev": true,
      "dependencies": {
        "yallist": "^4.0.0"
      },
      "engines": {
        "node": ">=10"
      }
    },
    "node_modules/make-error": {
      "version": "1.3.6",
      "resolved": "https://registry.nlark.com/make-error/download/make-error-1.3.6.tgz",
      "integrity": "sha1-LrLjfqm2fEiR9oShOUeZr0hM96I="
    },
    "node_modules/minimist": {
      "version": "1.2.5",
      "resolved": "https://registry.npmjs.org/minimist/-/minimist-1.2.5.tgz",
      "integrity": "sha512-FM9nNUYrRBAELZQT3xeZQ7fmMOBg6nWNmJKTcgsJeaLstP/UODVpGsr5OhXhhXg6f+qtJ8uiZ+PUxkDWcgIXLw==",
      "dev": true
    },
    "node_modules/node-dev": {
      "version": "7.1.0",
      "resolved": "https://registry.npmjs.org/node-dev/-/node-dev-7.1.0.tgz",
      "integrity": "sha512-wvlX+XQVGdwin0CQrWWCNvhb6Sf2FB/zNLFleg3o5Ml6jhAwWXKMX1JSP/1RSyf0atLXxD/L3vl7pNVJgClv/w==",
      "dev": true,
      "dependencies": {
        "dateformat": "^3.0.3",
        "dynamic-dedupe": "^0.3.0",
        "filewatcher": "~3.0.0",
        "minimist": "^1.2.5",
        "node-notifier": "^8.0.1",
        "resolve": "^1.0.0",
        "semver": "^7.3.5"
      },
      "bin": {
        "node-dev": "bin/node-dev"
      },
      "engines": {
        "node": ">=12"
      }
    },
    "node_modules/node-notifier": {
      "version": "8.0.2",
      "resolved": "https://registry.npmjs.org/node-notifier/-/node-notifier-8.0.2.tgz",
      "integrity": "sha512-oJP/9NAdd9+x2Q+rfphB2RJCHjod70RcRLjosiPMMu5gjIfwVnOUGq2nbTjTUbmy0DJ/tFIVT30+Qe3nzl4TJg==",
      "dev": true,
      "dependencies": {
        "growly": "^1.3.0",
        "is-wsl": "^2.2.0",
        "semver": "^7.3.2",
        "shellwords": "^0.1.1",
        "uuid": "^8.3.0",
        "which": "^2.0.2"
      }
    },
    "node_modules/path-parse": {
      "version": "1.0.7",
      "resolved": "https://registry.npmjs.org/path-parse/-/path-parse-1.0.7.tgz",
      "integrity": "sha512-LDJzPVEEEPR+y48z93A0Ed0yXb8pAByGWo/k5YYdYgpY2/2EsOsksJrq7lOHxryrVOn1ejG6oAp8ahvOIQD8sw==",
      "dev": true
    },
    "node_modules/resolve": {
      "version": "1.20.0",
      "resolved": "https://registry.npmjs.org/resolve/-/resolve-1.20.0.tgz",
      "integrity": "sha512-wENBPt4ySzg4ybFQW2TT1zMQucPK95HSh/nq2CFTZVOGut2+pQvSsgtda4d26YrYcr067wjbmzOG8byDPBX63A==",
      "dev": true,
      "dependencies": {
        "is-core-module": "^2.2.0",
        "path-parse": "^1.0.6"
      },
      "funding": {
        "url": "https://github.com/sponsors/ljharb"
      }
    },
    "node_modules/semver": {
      "version": "7.3.5",
      "resolved": "https://registry.npmjs.org/semver/-/semver-7.3.5.tgz",
      "integrity": "sha512-PoeGJYh8HK4BTO/a9Tf6ZG3veo/A7ZVsYrSA6J8ny9nb3B1VrpkuN+z9OE5wfE5p6H4LchYZsegiQgbJD94ZFQ==",
      "dev": true,
      "dependencies": {
        "lru-cache": "^6.0.0"
      },
      "bin": {
        "semver": "bin/semver.js"
      },
      "engines": {
        "node": ">=10"
      }
    },
    "node_modules/shellwords": {
      "version": "0.1.1",
      "resolved": "https://registry.npmjs.org/shellwords/-/shellwords-0.1.1.tgz",
      "integrity": "sha512-vFwSUfQvqybiICwZY5+DAWIPLKsWO31Q91JSKl3UYv+K5c2QRPzn0qzec6QPu1Qc9eHYItiP3NdJqNVqetYAww==",
      "dev": true
    },
    "node_modules/strip-ansi": {
      "version": "7.0.1",
      "resolved": "https://registry.npmjs.org/strip-ansi/-/strip-ansi-7.0.1.tgz",
      "integrity": "sha512-cXNxvT8dFNRVfhVME3JAe98mkXDYN2O1l7jmcwMnOslDeESg1rF/OZMtK0nRAhiari1unG5cD4jG3rapUAkLbw==",
      "dependencies": {
        "ansi-regex": "^6.0.1"
      },
      "engines": {
        "node": ">=12"
      },
      "funding": {
        "url": "https://github.com/chalk/strip-ansi?sponsor=1"
      }
    },
    "node_modules/supports-color": {
      "version": "7.2.0",
      "resolved": "https://registry.npmmirror.com/supports-color/download/supports-color-7.2.0.tgz",
      "integrity": "sha1-G33NyzK4E4gBs+R4umpRyqiWSNo=",
      "dependencies": {
        "has-flag": "^4.0.0"
      },
      "engines": {
        "node": ">=8"
      }
    },
    "node_modules/ts-node": {
      "version": "10.4.0",
      "resolved": "https://registry.npmmirror.com/ts-node/download/ts-node-10.4.0.tgz",
      "integrity": "sha1-aA+IlFiF9ObPRQ5/DWIj3UBIlfc=",
      "dependencies": {
        "@cspotcode/source-map-support": "0.7.0",
        "@tsconfig/node10": "^1.0.7",
        "@tsconfig/node12": "^1.0.7",
        "@tsconfig/node14": "^1.0.0",
        "@tsconfig/node16": "^1.0.2",
        "acorn": "^8.4.1",
        "acorn-walk": "^8.1.1",
        "arg": "^4.1.0",
        "create-require": "^1.1.0",
        "diff": "^4.0.1",
        "make-error": "^1.1.1",
        "yn": "3.1.1"
      },
      "bin": {
        "ts-node": "dist/bin.js",
        "ts-node-cwd": "dist/bin-cwd.js",
        "ts-node-script": "dist/bin-script.js",
        "ts-node-transpile-only": "dist/bin-transpile.js",
        "ts-script": "dist/bin-script-deprecated.js"
      },
      "peerDependencies": {
        "@swc/core": ">=1.2.50",
        "@swc/wasm": ">=1.2.50",
        "@types/node": "*",
        "typescript": ">=2.7"
      },
      "peerDependenciesMeta": {
        "@swc/core": {
          "optional": true
        },
        "@swc/wasm": {
          "optional": true
        }
      }
    },
    "node_modules/typescript": {
      "version": "4.5.2",
      "resolved": "https://registry.npmmirror.com/typescript/download/typescript-4.5.2.tgz",
      "integrity": "sha512-5BlMof9H1yGt0P8/WF+wPNw6GfctgGjXp5hkblpyT+8rkASSmkUKMXrxR0Xg8ThVCi/JnHQiKXeBaEwCeQwMFw==",
      "bin": {
        "tsc": "bin/tsc",
        "tsserver": "bin/tsserver"
      },
      "engines": {
        "node": ">=4.2.0"
      }
    },
    "node_modules/uuid": {
      "version": "8.3.2",
      "resolved": "https://registry.npmjs.org/uuid/-/uuid-8.3.2.tgz",
      "integrity": "sha512-+NYs2QeMWy+GWFOEm9xnn6HCDp0l7QBD7ml8zLUmJ+93Q5NF0NocErnwkTkXVFNiX3/fpC6afS8Dhb/gz7R7eg==",
      "dev": true,
      "bin": {
        "uuid": "dist/bin/uuid"
      }
    },
    "node_modules/which": {
      "version": "2.0.2",
      "resolved": "https://registry.npmjs.org/which/-/which-2.0.2.tgz",
      "integrity": "sha512-BLI3Tl1TW3Pvl70l3yq3Y64i+awpwXqsGBYWkkqMtnbXgrMD+yj7rhW0kuEDxzJaYXGjEW5ogapKNMEKNMjibA==",
      "dev": true,
      "dependencies": {
        "isexe": "^2.0.0"
      },
      "bin": {
        "node-which": "bin/node-which"
      },
      "engines": {
        "node": ">= 8"
      }
    },
    "node_modules/xtend": {
      "version": "4.0.2",
      "resolved": "https://registry.npmjs.org/xtend/-/xtend-4.0.2.tgz",
      "integrity": "sha512-LKYU1iAXJXUgAXn9URjiu+MWhyUXHsvfp7mcuYm9dSUKK0/CjtrUwFAxD82/mCWbtLsGjFIad0wIsod4zrTAEQ==",
      "dev": true,
      "engines": {
        "node": ">=0.4"
      }
    },
    "node_modules/yallist": {
      "version": "4.0.0",
      "resolved": "https://registry.npmjs.org/yallist/-/yallist-4.0.0.tgz",
      "integrity": "sha512-3wdGidZyq5PB084XLES5TpOSRA3wjXAlIWMhum2kRcv/41Sn2emQ0dycQW4uZXLejwKvg6EsvbdlVL+FYEct7A==",
      "dev": true
    },
    "node_modules/yn": {
      "version": "3.1.1",
      "resolved": "https://registry.nlark.com/yn/download/yn-3.1.1.tgz?cache=0&sync_timestamp=1628975005240&other_urls=https%3A%2F%2Fregistry.nlark.com%2Fyn%2Fdownload%2Fyn-3.1.1.tgz",
      "integrity": "sha1-HodAGgnXZ8HV6rJqbkwYUYLS61A=",
      "engines": {
        "node": ">=6"
      }
    }
  },
  "dependencies": {
    "@cspotcode/source-map-consumer": {
      "version": "0.8.0",
      "resolved": "https://registry.nlark.com/@cspotcode/source-map-consumer/download/@cspotcode/source-map-consumer-0.8.0.tgz",
      "integrity": "sha1-M79LeznBeIIWBvZpu8RHpqYpeGs="
    },
    "@cspotcode/source-map-support": {
      "version": "0.7.0",
      "resolved": "https://registry.npmmirror.com/@cspotcode/source-map-support/download/@cspotcode/source-map-support-0.7.0.tgz?cache=0&sync_timestamp=1633908984001&other_urls=https%3A%2F%2Fregistry.npmmirror.com%2F%40cspotcode%2Fsource-map-support%2Fdownload%2F%40cspotcode%2Fsource-map-support-0.7.0.tgz",
      "integrity": "sha1-R4mECqhZ5G0vMXNyercHxmvzRPU=",
      "requires": {
        "@cspotcode/source-map-consumer": "0.8.0"
      }
    },
    "@tsconfig/node10": {
      "version": "1.0.8",
      "resolved": "https://registry.nlark.com/@tsconfig/node10/download/@tsconfig/node10-1.0.8.tgz?cache=0&sync_timestamp=1623230113943&other_urls=https%3A%2F%2Fregistry.nlark.com%2F%40tsconfig%2Fnode10%2Fdownload%2F%40tsconfig%2Fnode10-1.0.8.tgz",
      "integrity": "sha1-weToDW+WT77LM1nEO9SLQPfK2tk="
    },
    "@tsconfig/node12": {
      "version": "1.0.9",
      "resolved": "https://registry.nlark.com/@tsconfig/node12/download/@tsconfig/node12-1.0.9.tgz",
      "integrity": "sha1-YsH23uLr2a6tgNw6+laBDljhoEw="
    },
    "@tsconfig/node14": {
      "version": "1.0.1",
      "resolved": "https://registry.nlark.com/@tsconfig/node14/download/@tsconfig/node14-1.0.1.tgz?cache=0&sync_timestamp=1623230113946&other_urls=https%3A%2F%2Fregistry.nlark.com%2F%40tsconfig%2Fnode14%2Fdownload%2F%40tsconfig%2Fnode14-1.0.1.tgz",
      "integrity": "sha1-lfLRZ/+5uNIGiwsjUwL6/U33EfI="
    },
    "@tsconfig/node16": {
      "version": "1.0.2",
      "resolved": "https://registry.nlark.com/@tsconfig/node16/download/@tsconfig/node16-1.0.2.tgz?cache=0&sync_timestamp=1626840702633&other_urls=https%3A%2F%2Fregistry.nlark.com%2F%40tsconfig%2Fnode16%2Fdownload%2F%40tsconfig%2Fnode16-1.0.2.tgz",
      "integrity": "sha1-Qjx3h30Fadsg4fyAiFrEEYMUAQ4="
    },
    "@types/lodash": {
      "version": "4.14.177",
      "resolved": "https://registry.npmmirror.com/@types/lodash/download/@types/lodash-4.14.177.tgz",
      "integrity": "sha512-0fDwydE2clKe9MNfvXHBHF9WEahRuj+msTuQqOmAApNORFvhMYZKNGGJdCzuhheVjMps/ti0Ak/iJPACMaevvw=="
    },
    "@types/node": {
      "version": "16.11.9",
      "resolved": "https://registry.npmmirror.com/@types/node/download/@types/node-16.11.9.tgz?cache=0&sync_timestamp=1637310802673&other_urls=https%3A%2F%2Fregistry.npmmirror.com%2F%40types%2Fnode%2Fdownload%2F%40types%2Fnode-16.11.9.tgz",
      "integrity": "sha512-MKmdASMf3LtPzwLyRrFjtFFZ48cMf8jmX5VRYrDQiJa8Ybu5VAmkqBWqKU8fdCwD8ysw4mQ9nrEHvzg6gunR7A=="
    },
    "acorn": {
      "version": "8.6.0",
      "resolved": "https://registry.npmmirror.com/acorn/download/acorn-8.6.0.tgz?cache=0&sync_timestamp=1637225522161&other_urls=https%3A%2F%2Fregistry.npmmirror.com%2Facorn%2Fdownload%2Facorn-8.6.0.tgz",
      "integrity": "sha512-U1riIR+lBSNi3IbxtaHOIKdH8sLFv3NYfNv8sg7ZsNhcfl4HF2++BfqqrNAxoCLQW1iiylOj76ecnaUxz+z9yw=="
    },
    "acorn-walk": {
      "version": "8.2.0",
      "resolved": "https://registry.nlark.com/acorn-walk/download/acorn-walk-8.2.0.tgz?cache=0&sync_timestamp=1630916608758&other_urls=https%3A%2F%2Fregistry.nlark.com%2Facorn-walk%2Fdownload%2Facorn-walk-8.2.0.tgz",
      "integrity": "sha1-dBIQ8uJCZFRQiFOi9E0KuDt/acE="
    },
    "ansi-regex": {
      "version": "6.0.1",
      "resolved": "https://registry.npmjs.org/ansi-regex/-/ansi-regex-6.0.1.tgz",
      "integrity": "sha512-n5M855fKb2SsfMIiFFoVrABHJC8QtHwVx+mHWP3QcEqBHYienj5dHSgjbxtC0WEZXYt4wcD6zrQElDPhFuZgfA=="
    },
    "ansi-styles": {
      "version": "4.3.0",
      "resolved": "https://registry.nlark.com/ansi-styles/download/ansi-styles-4.3.0.tgz?cache=0&sync_timestamp=1618995588464&other_urls=https%3A%2F%2Fregistry.nlark.com%2Fansi-styles%2Fdownload%2Fansi-styles-4.3.0.tgz",
      "integrity": "sha1-7dgDYornHATIWuegkG7a00tkiTc=",
      "requires": {
        "color-convert": "^2.0.1"
      }
    },
    "arg": {
      "version": "4.1.3",
      "resolved": "https://registry.nlark.com/arg/download/arg-4.1.3.tgz?cache=0&sync_timestamp=1629166537485&other_urls=https%3A%2F%2Fregistry.nlark.com%2Farg%2Fdownload%2Farg-4.1.3.tgz",
      "integrity": "sha1-Jp/HrVuOQstjyJbVZmAXJhwUQIk="
    },
    "chalk": {
      "version": "4.1.2",
      "resolved": "https://registry.nlark.com/chalk/download/chalk-4.1.2.tgz?cache=0&sync_timestamp=1627646655305&other_urls=https%3A%2F%2Fregistry.nlark.com%2Fchalk%2Fdownload%2Fchalk-4.1.2.tgz",
      "integrity": "sha1-qsTit3NKdAhnrrFr8CqtVWoeegE=",
      "requires": {
        "ansi-styles": "^4.1.0",
        "supports-color": "^7.1.0"
      }
    },
    "color-convert": {
      "version": "2.0.1",
      "resolved": "https://registry.nlark.com/color-convert/download/color-convert-2.0.1.tgz",
      "integrity": "sha1-ctOmjVmMm9s68q0ehPIdiWq9TeM=",
      "requires": {
        "color-name": "~1.1.4"
      }
    },
    "color-name": {
      "version": "1.1.4",
      "resolved": "https://registry.npm.taobao.org/color-name/download/color-name-1.1.4.tgz",
      "integrity": "sha1-wqCah6y95pVD3m9j+jmVyCbFNqI="
    },
    "create-require": {
      "version": "1.1.1",
      "resolved": "https://registry.npm.taobao.org/create-require/download/create-require-1.1.1.tgz",
      "integrity": "sha1-wdfo8eX2z8n/ZfnNNS03NIdWwzM="
    },
    "dateformat": {
      "version": "3.0.3",
      "resolved": "https://registry.npmjs.org/dateformat/-/dateformat-3.0.3.tgz",
      "integrity": "sha512-jyCETtSl3VMZMWeRo7iY1FL19ges1t55hMo5yaam4Jrsm5EPL89UQkoQRyiI+Yf4k8r2ZpdngkV8hr1lIdjb3Q==",
      "dev": true
    },
    "debounce": {
      "version": "1.2.1",
      "resolved": "https://registry.npmjs.org/debounce/-/debounce-1.2.1.tgz",
      "integrity": "sha512-XRRe6Glud4rd/ZGQfiV1ruXSfbvfJedlV9Y6zOlP+2K04vBYiJEte6stfFkCP03aMnY5tsipamumUjL14fofug==",
      "dev": true
    },
    "diff": {
      "version": "4.0.2",
      "resolved": "https://registry.npm.taobao.org/diff/download/diff-4.0.2.tgz?cache=0&other_urls=https%3A%2F%2Fregistry.npm.taobao.org%2Fdiff%2Fdownload%2Fdiff-4.0.2.tgz",
      "integrity": "sha1-YPOuy4nV+uUgwRqhnvwruYKq3n0="
    },
    "dynamic-dedupe": {
      "version": "0.3.0",
      "resolved": "https://registry.npmjs.org/dynamic-dedupe/-/dynamic-dedupe-0.3.0.tgz",
      "integrity": "sha1-BuRMIj9eTpTXjvnbI6ZRXOL5YqE=",
      "dev": true,
      "requires": {
        "xtend": "^4.0.0"
      }
    },
    "filewatcher": {
      "version": "3.0.1",
      "resolved": "https://registry.npmjs.org/filewatcher/-/filewatcher-3.0.1.tgz",
      "integrity": "sha1-9KGVc1Xdr0Q8zXiolfPVXiPIoDQ=",
      "dev": true,
      "requires": {
        "debounce": "^1.0.0"
      }
    },
    "function-bind": {
      "version": "1.1.1",
      "resolved": "https://registry.npmjs.org/function-bind/-/function-bind-1.1.1.tgz",
      "integrity": "sha512-yIovAzMX49sF8Yl58fSCWJ5svSLuaibPxXQJFLmBObTuCr0Mf1KiPopGM9NiFjiYBCbfaa2Fh6breQ6ANVTI0A==",
      "dev": true
    },
    "growly": {
      "version": "1.3.0",
      "resolved": "https://registry.npmjs.org/growly/-/growly-1.3.0.tgz",
      "integrity": "sha1-8QdIy+dq+WS3yWyTxrzCivEgwIE=",
      "dev": true
    },
    "has": {
      "version": "1.0.3",
      "resolved": "https://registry.npmjs.org/has/-/has-1.0.3.tgz",
      "integrity": "sha512-f2dvO0VU6Oej7RkWJGrehjbzMAjFp5/VKPp5tTpWIV4JHHZK1/BxbFRtf/siA2SWTe09caDmVtYYzWEIbBS4zw==",
      "dev": true,
      "requires": {
        "function-bind": "^1.1.1"
      }
    },
    "has-flag": {
      "version": "4.0.0",
      "resolved": "https://registry.nlark.com/has-flag/download/has-flag-4.0.0.tgz?cache=0&sync_timestamp=1626715907927&other_urls=https%3A%2F%2Fregistry.nlark.com%2Fhas-flag%2Fdownload%2Fhas-flag-4.0.0.tgz",
      "integrity": "sha1-lEdx/ZyByBJlxNaUGGDaBrtZR5s="
    },
    "is-core-module": {
      "version": "2.8.0",
      "resolved": "https://registry.npmjs.org/is-core-module/-/is-core-module-2.8.0.tgz",
      "integrity": "sha512-vd15qHsaqrRL7dtH6QNuy0ndJmRDrS9HAM1CAiSifNUFv4x1a0CCVsj18hJ1mShxIG6T2i1sO78MkP56r0nYRw==",
      "dev": true,
      "requires": {
        "has": "^1.0.3"
      }
    },
    "is-docker": {
      "version": "2.2.1",
      "resolved": "https://registry.npmjs.org/is-docker/-/is-docker-2.2.1.tgz",
      "integrity": "sha512-F+i2BKsFrH66iaUFc0woD8sLy8getkwTwtOBjvs56Cx4CgJDeKQeqfz8wAYiSb8JOprWhHH5p77PbmYCvvUuXQ==",
      "dev": true
    },
    "is-wsl": {
      "version": "2.2.0",
      "resolved": "https://registry.npmjs.org/is-wsl/-/is-wsl-2.2.0.tgz",
      "integrity": "sha512-fKzAra0rGJUUBwGBgNkHZuToZcn+TtXHpeCgmkMJMMYx1sQDYaCSyjJBSCa2nH1DGm7s3n1oBnohoVTBaN7Lww==",
      "dev": true,
      "requires": {
        "is-docker": "^2.0.0"
      }
    },
    "isexe": {
      "version": "2.0.0",
      "resolved": "https://registry.npmjs.org/isexe/-/isexe-2.0.0.tgz",
      "integrity": "sha1-6PvzdNxVb/iUehDcsFctYz8s+hA=",
      "dev": true
    },
    "lodash": {
      "version": "4.17.21",
      "resolved": "https://registry.nlark.com/lodash/download/lodash-4.17.21.tgz?cache=0&sync_timestamp=1618847150612&other_urls=https%3A%2F%2Fregistry.nlark.com%2Flodash%2Fdownload%2Flodash-4.17.21.tgz",
      "integrity": "sha1-Z5WRxWTDv/quhFTPCz3zcMPWkRw="
    },
    "lru-cache": {
      "version": "6.0.0",
      "resolved": "https://registry.npmjs.org/lru-cache/-/lru-cache-6.0.0.tgz",
      "integrity": "sha512-Jo6dJ04CmSjuznwJSS3pUeWmd/H0ffTlkXXgwZi+eq1UCmqQwCh+eLsYOYCwY991i2Fah4h1BEMCx4qThGbsiA==",
      "dev": true,
      "requires": {
        "yallist": "^4.0.0"
      }
    },
    "make-error": {
      "version": "1.3.6",
      "resolved": "https://registry.nlark.com/make-error/download/make-error-1.3.6.tgz",
      "integrity": "sha1-LrLjfqm2fEiR9oShOUeZr0hM96I="
    },
    "minimist": {
      "version": "1.2.5",
      "resolved": "https://registry.npmjs.org/minimist/-/minimist-1.2.5.tgz",
      "integrity": "sha512-FM9nNUYrRBAELZQT3xeZQ7fmMOBg6nWNmJKTcgsJeaLstP/UODVpGsr5OhXhhXg6f+qtJ8uiZ+PUxkDWcgIXLw==",
      "dev": true
    },
    "node-dev": {
      "version": "7.1.0",
      "resolved": "https://registry.npmjs.org/node-dev/-/node-dev-7.1.0.tgz",
      "integrity": "sha512-wvlX+XQVGdwin0CQrWWCNvhb6Sf2FB/zNLFleg3o5Ml6jhAwWXKMX1JSP/1RSyf0atLXxD/L3vl7pNVJgClv/w==",
      "dev": true,
      "requires": {
        "dateformat": "^3.0.3",
        "dynamic-dedupe": "^0.3.0",
        "filewatcher": "~3.0.0",
        "minimist": "^1.2.5",
        "node-notifier": "^8.0.1",
        "resolve": "^1.0.0",
        "semver": "^7.3.5"
      }
    },
    "node-notifier": {
      "version": "8.0.2",
      "resolved": "https://registry.npmjs.org/node-notifier/-/node-notifier-8.0.2.tgz",
      "integrity": "sha512-oJP/9NAdd9+x2Q+rfphB2RJCHjod70RcRLjosiPMMu5gjIfwVnOUGq2nbTjTUbmy0DJ/tFIVT30+Qe3nzl4TJg==",
      "dev": true,
      "requires": {
        "growly": "^1.3.0",
        "is-wsl": "^2.2.0",
        "semver": "^7.3.2",
        "shellwords": "^0.1.1",
        "uuid": "^8.3.0",
        "which": "^2.0.2"
      }
    },
    "path-parse": {
      "version": "1.0.7",
      "resolved": "https://registry.npmjs.org/path-parse/-/path-parse-1.0.7.tgz",
      "integrity": "sha512-LDJzPVEEEPR+y48z93A0Ed0yXb8pAByGWo/k5YYdYgpY2/2EsOsksJrq7lOHxryrVOn1ejG6oAp8ahvOIQD8sw==",
      "dev": true
    },
    "resolve": {
      "version": "1.20.0",
      "resolved": "https://registry.npmjs.org/resolve/-/resolve-1.20.0.tgz",
      "integrity": "sha512-wENBPt4ySzg4ybFQW2TT1zMQucPK95HSh/nq2CFTZVOGut2+pQvSsgtda4d26YrYcr067wjbmzOG8byDPBX63A==",
      "dev": true,
      "requires": {
        "is-core-module": "^2.2.0",
        "path-parse": "^1.0.6"
      }
    },
    "semver": {
      "version": "7.3.5",
      "resolved": "https://registry.npmjs.org/semver/-/semver-7.3.5.tgz",
      "integrity": "sha512-PoeGJYh8HK4BTO/a9Tf6ZG3veo/A7ZVsYrSA6J8ny9nb3B1VrpkuN+z9OE5wfE5p6H4LchYZsegiQgbJD94ZFQ==",
      "dev": true,
      "requires": {
        "lru-cache": "^6.0.0"
      }
    },
    "shellwords": {
      "version": "0.1.1",
      "resolved": "https://registry.npmjs.org/shellwords/-/shellwords-0.1.1.tgz",
      "integrity": "sha512-vFwSUfQvqybiICwZY5+DAWIPLKsWO31Q91JSKl3UYv+K5c2QRPzn0qzec6QPu1Qc9eHYItiP3NdJqNVqetYAww==",
      "dev": true
    },
    "strip-ansi": {
      "version": "7.0.1",
      "resolved": "https://registry.npmjs.org/strip-ansi/-/strip-ansi-7.0.1.tgz",
      "integrity": "sha512-cXNxvT8dFNRVfhVME3JAe98mkXDYN2O1l7jmcwMnOslDeESg1rF/OZMtK0nRAhiari1unG5cD4jG3rapUAkLbw==",
      "requires": {
        "ansi-regex": "^6.0.1"
      }
    },
    "supports-color": {
      "version": "7.2.0",
      "resolved": "https://registry.npmmirror.com/supports-color/download/supports-color-7.2.0.tgz",
      "integrity": "sha1-G33NyzK4E4gBs+R4umpRyqiWSNo=",
      "requires": {
        "has-flag": "^4.0.0"
      }
    },
    "ts-node": {
      "version": "10.4.0",
      "resolved": "https://registry.npmmirror.com/ts-node/download/ts-node-10.4.0.tgz",
      "integrity": "sha1-aA+IlFiF9ObPRQ5/DWIj3UBIlfc=",
      "requires": {
        "@cspotcode/source-map-support": "0.7.0",
        "@tsconfig/node10": "^1.0.7",
        "@tsconfig/node12": "^1.0.7",
        "@tsconfig/node14": "^1.0.0",
        "@tsconfig/node16": "^1.0.2",
        "acorn": "^8.4.1",
        "acorn-walk": "^8.1.1",
        "arg": "^4.1.0",
        "create-require": "^1.1.0",
        "diff": "^4.0.1",
        "make-error": "^1.1.1",
        "yn": "3.1.1"
      }
    },
    "typescript": {
      "version": "4.5.2",
      "resolved": "https://registry.npmmirror.com/typescript/download/typescript-4.5.2.tgz",
      "integrity": "sha512-5BlMof9H1yGt0P8/WF+wPNw6GfctgGjXp5hkblpyT+8rkASSmkUKMXrxR0Xg8ThVCi/JnHQiKXeBaEwCeQwMFw=="
    },
    "uuid": {
      "version": "8.3.2",
      "resolved": "https://registry.npmjs.org/uuid/-/uuid-8.3.2.tgz",
      "integrity": "sha512-+NYs2QeMWy+GWFOEm9xnn6HCDp0l7QBD7ml8zLUmJ+93Q5NF0NocErnwkTkXVFNiX3/fpC6afS8Dhb/gz7R7eg==",
      "dev": true
    },
    "which": {
      "version": "2.0.2",
      "resolved": "https://registry.npmjs.org/which/-/which-2.0.2.tgz",
      "integrity": "sha512-BLI3Tl1TW3Pvl70l3yq3Y64i+awpwXqsGBYWkkqMtnbXgrMD+yj7rhW0kuEDxzJaYXGjEW5ogapKNMEKNMjibA==",
      "dev": true,
      "requires": {
        "isexe": "^2.0.0"
      }
    },
    "xtend": {
      "version": "4.0.2",
      "resolved": "https://registry.npmjs.org/xtend/-/xtend-4.0.2.tgz",
      "integrity": "sha512-LKYU1iAXJXUgAXn9URjiu+MWhyUXHsvfp7mcuYm9dSUKK0/CjtrUwFAxD82/mCWbtLsGjFIad0wIsod4zrTAEQ==",
      "dev": true
    },
    "yallist": {
      "version": "4.0.0",
      "resolved": "https://registry.npmjs.org/yallist/-/yallist-4.0.0.tgz",
      "integrity": "sha512-3wdGidZyq5PB084XLES5TpOSRA3wjXAlIWMhum2kRcv/41Sn2emQ0dycQW4uZXLejwKvg6EsvbdlVL+FYEct7A==",
      "dev": true
    },
    "yn": {
      "version": "3.1.1",
      "resolved": "https://registry.nlark.com/yn/download/yn-3.1.1.tgz?cache=0&sync_timestamp=1628975005240&other_urls=https%3A%2F%2Fregistry.nlark.com%2Fyn%2Fdownload%2Fyn-3.1.1.tgz",
      "integrity": "sha1-HodAGgnXZ8HV6rJqbkwYUYLS61A="
    }
  }
}
