{
	"name": "ucon-components",
	"version": "0.0.0",
	"lockfileVersion": 2,
	"requires": true,
	"dev": true,
	"packages": {
		"": {
			"name": "ucon-components",
			"version": "0.0.0",
			"license": "MIT",
			"dependencies": {
				"chalk": "^5.0.1",
				"lodash": "^4.17.21"
			},
			"devDependencies": {
				"@types/chalk": "^2.2.0",
				"@types/lodash": "^4.14.182"
			}
		},
		"../core": {
			"name": "ucon",
			"version": "0.0.0",
			"extraneous": true,
			"license": "MIT",
			"dependencies": {
				"chalk": "^5.0.0",
				"lodash": "^4.17.21",
				"utty": "^0.0.0"
			},
			"devDependencies": {
				"@types/lodash": "4.14.182",
				"log-to-sth-api": "^0.0.0",
				"nodeliketty-testimpl": "^0.0.0",
				"typescript": "4.6.3",
				"ucon-components": "^0.0.0",
				"utty-node": "^0.0.0"
			}
		},
		"../utils/log-to-sth/log-to-sth-api": {
			"version": "0.0.0",
			"extraneous": true,
			"dependencies": {
				"socket.io": "^4.4.1",
				"socket.io-client": "^4.4.1"
			},
			"devDependencies": {
				"@types/node": "17.0.23",
				"typescript": "4.6.3"
			}
		},
		"../utty/utty": {
			"version": "0.0.0",
			"extraneous": true,
			"license": "ISC",
			"devDependencies": {
				"@types/jest": "27.4.1",
				"jest": "27.5.1",
				"typescript": "4.6.3"
			}
		},
		"../utty/utty-node/nodeliketty": {
			"version": "0.0.0",
			"extraneous": true,
			"license": "ISC",
			"devDependencies": {
				"@types/node": "17.0.23",
				"typescript": "4.6.3"
			}
		},
		"../utty/utty-node/nodeliketty-testimpl": {
			"version": "0.0.0",
			"extraneous": true,
			"license": "ISC",
			"devDependencies": {
				"nodeliketty": "0.0.0",
				"typescript": "4.6.3"
			}
		},
		"../utty/utty-node/utty-node": {
			"version": "0.0.0",
			"extraneous": true,
			"license": "ISC",
			"dependencies": {
				"chalk": "^5.0.0",
				"nodeliketty": "^0.0.0",
				"strip-ansi": "^7.0.1",
				"utty": "^0.0.0"
			},
			"devDependencies": {
				"@types/jest": "27.4.1",
				"nodeliketty-testimpl": "^0.0.0"
			}
		},
		"node_modules/@types/chalk": {
			"version": "2.2.0",
			"resolved": "https://registry.npmjs.org/@types/chalk/-/chalk-2.2.0.tgz",
			"integrity": "sha512-1zzPV9FDe1I/WHhRkf9SNgqtRJWZqrBWgu7JGveuHmmyR9CnAPCie2N/x+iHrgnpYBIcCJWHBoMRv2TRWktsvw==",
			"deprecated": "This is a stub types definition for chalk (https://github.com/chalk/chalk). chalk provides its own type definitions, so you don't need @types/chalk installed!",
			"dev": true,
			"dependencies": {
				"chalk": "*"
			}
		},
		"node_modules/@types/lodash": {
			"version": "4.14.182",
			"resolved": "https://registry.npmjs.org/@types/lodash/-/lodash-4.14.182.tgz",
			"integrity": "sha512-/THyiqyQAP9AfARo4pF+aCGcyiQ94tX/Is2I7HofNRqoYLgN1PBoOWu2/zTA5zMxzP5EFutMtWtGAFRKUe961Q==",
			"dev": true
		},
		"node_modules/chalk": {
			"version": "5.0.1",
			"resolved": "https://registry.npmjs.org/chalk/-/chalk-5.0.1.tgz",
			"integrity": "sha512-Fo07WOYGqMfCWHOzSXOt2CxDbC6skS/jO9ynEcmpANMoPrD+W1r1K6Vx7iNm+AQmETU1Xr2t+n8nzkV9t6xh3w==",
			"engines": {
				"node": "^12.17.0 || ^14.13 || >=16.0.0"
			},
			"funding": {
				"url": "https://github.com/chalk/chalk?sponsor=1"
			}
		},
		"node_modules/lodash": {
			"version": "4.17.21",
			"resolved": "https://registry.npmjs.org/lodash/-/lodash-4.17.21.tgz",
			"integrity": "sha512-v2kDEe57lecTulaDIuNTPy3Ry4gLGJ6Z1O3vE1krgXZNrsQ+LFTGHVxVjcXPs17LhbZVGedAJv8XZ1tvj5FvSg=="
		}
	},
	"dependencies": {
		"@types/chalk": {
			"version": "2.2.0",
			"resolved": "https://registry.npmjs.org/@types/chalk/-/chalk-2.2.0.tgz",
			"integrity": "sha512-1zzPV9FDe1I/WHhRkf9SNgqtRJWZqrBWgu7JGveuHmmyR9CnAPCie2N/x+iHrgnpYBIcCJWHBoMRv2TRWktsvw==",
			"dev": true,
			"requires": {
				"chalk": "*"
			}
		},
		"@types/lodash": {
			"version": "4.14.182",
			"resolved": "https://registry.npmjs.org/@types/lodash/-/lodash-4.14.182.tgz",
			"integrity": "sha512-/THyiqyQAP9AfARo4pF+aCGcyiQ94tX/Is2I7HofNRqoYLgN1PBoOWu2/zTA5zMxzP5EFutMtWtGAFRKUe961Q==",
			"dev": true
		},
		"chalk": {
			"version": "5.0.1",
			"resolved": "https://registry.npmjs.org/chalk/-/chalk-5.0.1.tgz",
			"integrity": "sha512-Fo07WOYGqMfCWHOzSXOt2CxDbC6skS/jO9ynEcmpANMoPrD+W1r1K6Vx7iNm+AQmETU1Xr2t+n8nzkV9t6xh3w=="
		},
		"lodash": {
			"version": "4.17.21",
			"resolved": "https://registry.npmjs.org/lodash/-/lodash-4.17.21.tgz",
			"integrity": "sha512-v2kDEe57lecTulaDIuNTPy3Ry4gLGJ6Z1O3vE1krgXZNrsQ+LFTGHVxVjcXPs17LhbZVGedAJv8XZ1tvj5FvSg=="
		}
	}
}
