{
  "name": "mono-cli",
  "lockfileVersion": 2,
  "requires": true,
  "packages": {
    "": {
      "name": "mono-cli",
      "dependencies": {
        "commander": "9.2.0",
        "lodash": "4.17.21"
      },
      "devDependencies": {
        "@types/lodash": "4.14.181",
        "typescript": "4.6.3"
      }
    },
    "node_modules/@types/lodash": {
      "version": "4.14.181",
      "resolved": "https://registry.npmjs.org/@types/lodash/-/lodash-4.14.181.tgz",
      "integrity": "sha512-n3tyKthHJbkiWhDZs3DkhkCzt2MexYHXlX0td5iMplyfwketaOeKboEVBqzceH7juqvEg3q5oUoBFxSLu7zFag==",
      "dev": true
    },
    "node_modules/commander": {
      "version": "9.2.0",
      "resolved": "https://registry.npmjs.org/commander/-/commander-9.2.0.tgz",
      "integrity": "sha512-e2i4wANQiSXgnrBlIatyHtP1odfUp0BbV5Y5nEGbxtIrStkEOAAzCUirvLBNXHLr7kwLvJl6V+4V3XV9x7Wd9w==",
      "engines": {
        "node": "^12.20.0 || >=14"
      }
    },
    "node_modules/lodash": {
      "version": "4.17.21",
      "resolved": "https://registry.npmjs.org/lodash/-/lodash-4.17.21.tgz",
      "integrity": "sha512-v2kDEe57lecTulaDIuNTPy3Ry4gLGJ6Z1O3vE1krgXZNrsQ+LFTGHVxVjcXPs17LhbZVGedAJv8XZ1tvj5FvSg=="
    },
    "node_modules/typescript": {
      "version": "4.6.3",
      "resolved": "https://registry.npmjs.org/typescript/-/typescript-4.6.3.tgz",
      "integrity": "sha512-yNIatDa5iaofVozS/uQJEl3JRWLKKGJKh6Yaiv0GLGSuhpFJe7P3SbHZ8/yjAHRQwKRoA6YZqlfjXWmVzoVSMw==",
      "dev": true,
      "bin": {
        "tsc": "bin/tsc",
        "tsserver": "bin/tsserver"
      },
      "engines": {
        "node": ">=4.2.0"
      }
    }
  },
  "dependencies": {
    "@types/lodash": {
      "version": "4.14.181",
      "resolved": "https://registry.npmjs.org/@types/lodash/-/lodash-4.14.181.tgz",
      "integrity": "sha512-n3tyKthHJbkiWhDZs3DkhkCzt2MexYHXlX0td5iMplyfwketaOeKboEVBqzceH7juqvEg3q5oUoBFxSLu7zFag==",
      "dev": true
    },
    "commander": {
      "version": "9.2.0",
      "resolved": "https://registry.npmjs.org/commander/-/commander-9.2.0.tgz",
      "integrity": "sha512-e2i4wANQiSXgnrBlIatyHtP1odfUp0BbV5Y5nEGbxtIrStkEOAAzCUirvLBNXHLr7kwLvJl6V+4V3XV9x7Wd9w=="
    },
    "lodash": {
      "version": "4.17.21",
      "resolved": "https://registry.npmjs.org/lodash/-/lodash-4.17.21.tgz",
      "integrity": "sha512-v2kDEe57lecTulaDIuNTPy3Ry4gLGJ6Z1O3vE1krgXZNrsQ+LFTGHVxVjcXPs17LhbZVGedAJv8XZ1tvj5FvSg=="
    },
    "typescript": {
      "version": "4.6.3",
      "resolved": "https://registry.npmjs.org/typescript/-/typescript-4.6.3.tgz",
      "integrity": "sha512-yNIatDa5iaofVozS/uQJEl3JRWLKKGJKh6Yaiv0GLGSuhpFJe7P3SbHZ8/yjAHRQwKRoA6YZqlfjXWmVzoVSMw==",
      "dev": true
    }
  }
}
